
Microsoft Visual Studio Solution File, Format Version 12.00
# Visual Studio 15
Project("{FAE04EC0-301F-11D3-BF4B-00C04F79EFBC}") = "Assembly-CSharp", "Assembly-CSharp.csproj", "{DBA25F6D-3CC8-5B9C-4D3D-12BD48CA974B}"
EndProject
Project("{FAE04EC0-301F-11D3-BF4B-00C04F79EFBC}") = "Assembly-CSharp-Editor", "Assembly-CSharp-Editor.csproj", "{CD5E4949-ACFD-1C33-E2E7-D530694F15B9}"
EndProject
Global
	GlobalSection(SolutionConfigurationPlatforms) = preSolution
		Debug|Any CPU = Debug|Any CPU
		Release|Any CPU = Release|Any CPU
	EndGlobalSection
	GlobalSection(ProjectConfigurationPlatforms) = postSolution
		{DBA25F6D-3CC8-5B9C-4D3D-12BD48CA974B}.Debug|Any CPU.ActiveCfg = Debug|Any CPU
		{DBA25F6D-3CC8-5B9C-4D3D-12BD48CA974B}.Debug|Any CPU.Build.0 = Debug|Any CPU
		{DBA25F6D-3CC8-5B9C-4D3D-12BD48CA974B}.Release|Any CPU.ActiveCfg = Release|Any CPU
		{DBA25F6D-3CC8-5B9C-4D3D-12BD48CA974B}.Release|Any CPU.Build.0 = Release|Any CPU
		{CD5E4949-ACFD-1C33-E2E7-D530694F15B9}.Debug|Any CPU.ActiveCfg = Debug|Any CPU
		{CD5E4949-ACFD-1C33-E2E7-D530694F15B9}.Debug|Any CPU.Build.0 = Debug|Any CPU
		{CD5E4949-ACFD-1C33-E2E7-D530694F15B9}.Release|Any CPU.ActiveCfg = Release|Any CPU
		{CD5E4949-ACFD-1C33-E2E7-D530694F15B9}.Release|Any CPU.Build.0 = Release|Any CPU
	EndGlobalSection
	GlobalSection(SolutionProperties) = preSolution
		HideSolutionNode = FALSE
	EndGlobalSection
EndGlobal
